<Solution>
  <Folder Name="/Samples/">
    <Project Path="SampleConsoleApp/SampleConsoleApp.csproj" Id="e96fb3a1-83e2-40b8-90bf-d6a10f482723" />
  </Folder>
  <Folder Name="/SolutionItems/">
    <File Path=".circleci/config.yml" />
    <File Path=".github/copilot-instructions.md" />
  </Folder>
  <Project Path="Baubit.DI.Generators/Baubit.DI.Generators.csproj" />
  <Project Path="Baubit.DI.Test/Baubit.DI.Test.csproj" />
  <Project Path="Baubit.DI/Baubit.DI.csproj" />
</Solution>
